
Microsoft Visual Studio Solution File, Format Version 12.00
# Visual Studio 15
VisualStudioVersion = 15.0.28307.168
MinimumVisualStudioVersion = 10.0.40219.1
Project("{FAE04EC0-301F-11D3-BF4B-00C04F79EFBC}") = "WpfCompositionTarget", "WpfCompositionTarget\WpfCompositionTarget.csproj", "{0C518923-34AA-4620-9A07-E4C95E2C0C88}"
EndProject
Project("{FAE04EC0-301F-11D3-BF4B-00C04F79EFBC}") = "Backend", "Backend\Backend.csproj", "{BB56442A-93C3-4073-97A8-3B0128034B32}"
EndProject
Project("{2150E333-8FDC-42A3-9474-1A3956D46DE8}") = "Solution Items", "Solution Items", "{C7500E14-7411-4B59-9995-E87362B658AE}"
	ProjectSection(SolutionItems) = preProject
		README.md = README.md
	EndProjectSection
EndProject
Global
	GlobalSection(SolutionConfigurationPlatforms) = preSolution
		Debug|Any CPU = Debug|Any CPU
		Release|Any CPU = Release|Any CPU
	EndGlobalSection
	GlobalSection(ProjectConfigurationPlatforms) = postSolution
		{0C518923-34AA-4620-9A07-E4C95E2C0C88}.Debug|Any CPU.ActiveCfg = Debug|Any CPU
		{0C518923-34AA-4620-9A07-E4C95E2C0C88}.Debug|Any CPU.Build.0 = Debug|Any CPU
		{0C518923-34AA-4620-9A07-E4C95E2C0C88}.Release|Any CPU.ActiveCfg = Release|Any CPU
		{0C518923-34AA-4620-9A07-E4C95E2C0C88}.Release|Any CPU.Build.0 = Release|Any CPU
		{BB56442A-93C3-4073-97A8-3B0128034B32}.Debug|Any CPU.ActiveCfg = Debug|Any CPU
		{BB56442A-93C3-4073-97A8-3B0128034B32}.Debug|Any CPU.Build.0 = Debug|Any CPU
		{BB56442A-93C3-4073-97A8-3B0128034B32}.Release|Any CPU.ActiveCfg = Release|Any CPU
		{BB56442A-93C3-4073-97A8-3B0128034B32}.Release|Any CPU.Build.0 = Release|Any CPU
	EndGlobalSection
	GlobalSection(SolutionProperties) = preSolution
		HideSolutionNode = FALSE
	EndGlobalSection
	GlobalSection(ExtensibilityGlobals) = postSolution
		SolutionGuid = {9D140884-CE78-4BDA-AF34-A02A2400CE8D}
	EndGlobalSection
EndGlobal
